
Microsoft Visual Studio Solution File, Format Version 12.00
# Visual Studio Version 17
VisualStudioVersion = 17.0.31314.256
MinimumVisualStudioVersion = 10.0.40219.1
Project("{059D6162-CD51-11D0-AE1F-00A0C90FFFC3}") = "Benchmark", "LIBRARIES\SOURCE\Benchmark\Benchmark.dsp", "{C9B14817-6281-4141-914C-E49C6E5953A0}"
EndProject
Project("{8BC9CEB8-8B4A-11D0-8D11-00A0C91BC942}") = "Compress", "Tools\Compress\Compress.vcxproj", "{D9191079-3AC4-4762-ACFB-B8BC38ABCA66}"
EndProject
Project("{8BC9CEB8-8B4A-11D0-8D11-00A0C91BC942}") = "Compression", "Libraries\Source\Compression\Compression.vcxproj", "{7A1EF3A2-0E9B-408C-A885-97ECAA812D1D}"
EndProject
Project("{8BC9CEB8-8B4A-11D0-8D11-00A0C91BC942}") = "DatGen", "Tools\Launcher\DatGen\DatGen.vcxproj", "{3518D944-D4A2-4B6E-9B32-21B7A1845390}"
EndProject
Project("{8BC9CEB8-8B4A-11D0-8D11-00A0C91BC942}") = "DebugWindow", "Tools\DebugWindow\DebugWindow.vcxproj", "{62B57B7F-73DD-4C28-91B7-D3F56AA7077C}"
EndProject
Project("{8BC9CEB8-8B4A-11D0-8D11-00A0C91BC942}") = "EABrowserDispatch", "Libraries\Source\EABrowserDispatch\EABrowserDispatch.vcxproj", "{EEE66571-115F-4D73-A7EF-787969825B1A}"
EndProject
Project("{8BC9CEB8-8B4A-11D0-8D11-00A0C91BC942}") = "GUIEdit", "Tools\GUIEdit\GUIEdit.vcxproj", "{6DCD94E9-3286-4979-BF93-0DC2894E62B9}"
EndProject
Project("{8BC9CEB8-8B4A-11D0-8D11-00A0C91BC942}") = "GameEngine", "GameEngine\GameEngine.vcxproj", "{1D7FAE41-49E3-41DD-8771-3D8A9BF13259}"
EndProject
Project("{8BC9CEB8-8B4A-11D0-8D11-00A0C91BC942}") = "GameEngineDevice", "GameEngineDevice\GameEngineDevice.vcxproj", "{D8981F62-B832-4B65-B0F6-21C66726B353}"
EndProject
Project("{059D6162-CD51-11D0-AE1F-00A0C90FFFC3}") = "GameSpyHTTP", "Libraries\Source\GameSpy\GameSpy\ghttp\GameSpyHTTP.dsp", "{41056317-45D1-4A4B-A2BC-6390C0A4E9F0}"
EndProject
Project("{059D6162-CD51-11D0-AE1F-00A0C90FFFC3}") = "GameSpyPatching", "Libraries\Source\GameSpy\GameSpy\pt\GameSpyPatching.dsp", "{5AB330FA-8B66-4412-A574-740E48F1FC43}"
EndProject
Project("{059D6162-CD51-11D0-AE1F-00A0C90FFFC3}") = "GameSpyPeer", "Libraries\Source\GameSpy\GameSpy\peer\GameSpyPeer.dsp", "{183A30E8-93F7-4C2F-BCCF-0C5EE780A13A}"
EndProject
Project("{059D6162-CD51-11D0-AE1F-00A0C90FFFC3}") = "GameSpyPresence", "Libraries\Source\GameSpy\GameSpy\gp\GameSpyPresence.dsp", "{56C5407B-BB39-456D-BBB5-8155D40F8F2A}"
EndProject
Project("{059D6162-CD51-11D0-AE1F-00A0C90FFFC3}") = "GameSpyStats", "Libraries\Source\GameSpy\GameSpy\gstats\GameSpyStats.dsp", "{06394123-68CA-45C7-B048-931C1F66EC39}"
EndProject
Project("{8BC9CEB8-8B4A-11D0-8D11-00A0C91BC942}") = "ImagePacker", "Tools\ImagePacker\ImagePacker.vcxproj", "{0399A506-6FBA-4123-87EF-45E01E9D8E79}"
EndProject
Project("{8BC9CEB8-8B4A-11D0-8D11-00A0C91BC942}") = "MapCacheBuilder", "Tools\MapCacheBuilder\MapCacheBuilder.vcxproj", "{9B59AB13-95C4-40D5-973A-079FCD7769D6}"
EndProject
Project("{8BC9CEB8-8B4A-11D0-8D11-00A0C91BC942}") = "ParticleEditor", "Tools\ParticleEditor\ParticleEditor.vcxproj", "{67FE505F-3C7B-4942-BB78-21BC9CCEF926}"
EndProject
Project("{8BC9CEB8-8B4A-11D0-8D11-00A0C91BC942}") = "RTS", "RTS.vcxproj", "{854D2314-6199-4844-AC14-5BBAE37ACF76}"
EndProject
Project("{8BC9CEB8-8B4A-11D0-8D11-00A0C91BC942}") = "WWDownload", "Libraries\Source\WWVegas\WWDownload\WWDownload.vcxproj", "{E3E7D353-78E5-4481-9FD5-C9D4C40BEFAE}"
EndProject
Project("{8BC9CEB8-8B4A-11D0-8D11-00A0C91BC942}") = "WorldBuilder", "Tools\WorldBuilder\WorldBuilder.vcxproj", "{30EC7D6C-2A22-4E11-80B6-B225995EB9C0}"
EndProject
Project("{8BC9CEB8-8B4A-11D0-8D11-00A0C91BC942}") = "buildVersionUpdate", "Tools\buildVersionUpdate\buildVersionUpdate.vcxproj", "{9D438FD8-AEA9-429B-B6BE-C3737CDEC73D}"
EndProject
Project("{8BC9CEB8-8B4A-11D0-8D11-00A0C91BC942}") = "launcher", "Tools\Launcher\launcher.vcxproj", "{176697AB-68E4-48A0-A6E2-F70709326713}"
EndProject
Project("{8BC9CEB8-8B4A-11D0-8D11-00A0C91BC942}") = "max2w3d", "Tools\WW3D\max2w3d\max2w3d.vcxproj", "{F713F723-B3B4-4EC8-B38F-A0381B5B52A4}"
EndProject
Project("{8BC9CEB8-8B4A-11D0-8D11-00A0C91BC942}") = "pluglib", "Tools\WW3D\pluglib\pluglib.vcxproj", "{A20497DB-423D-4178-966B-14C13F37E444}"
EndProject
Project("{8BC9CEB8-8B4A-11D0-8D11-00A0C91BC942}") = "textureCompress", "Tools\textureCompress\textureCompress.vcxproj", "{6D4E8486-9D09-4440-A763-4AF0824DE8A1}"
EndProject
Project("{8BC9CEB8-8B4A-11D0-8D11-00A0C91BC942}") = "versionUpdate", "Tools\versionUpdate\versionUpdate.vcxproj", "{79BCE445-8AEE-4B83-9F15-96A2DD9B0235}"
EndProject
Project("{8BC9CEB8-8B4A-11D0-8D11-00A0C91BC942}") = "ww3d2", "Libraries\Source\WWVegas\WW3D2\ww3d2.vcxproj", "{A0BDD734-1F65-4584-939D-D772644AB04D}"
EndProject
Project("{8BC9CEB8-8B4A-11D0-8D11-00A0C91BC942}") = "wwdebug", "Libraries\Source\WWVegas\WWDebug\wwdebug.vcxproj", "{583CE56A-D4A7-4CA1-BDC7-40326005E844}"
EndProject
Project("{8BC9CEB8-8B4A-11D0-8D11-00A0C91BC942}") = "wwlib", "Libraries\Source\WWVegas\WWLib\wwlib.vcxproj", "{CD5F1F9F-F8DC-49A7-A7FF-4B304CDA1C27}"
EndProject
Project("{8BC9CEB8-8B4A-11D0-8D11-00A0C91BC942}") = "wwmath", "Libraries\Source\WWVegas\WWMath\wwmath.vcxproj", "{D2F14769-B1D6-4ABE-8B0C-F74104A7208C}"
EndProject
Project("{8BC9CEB8-8B4A-11D0-8D11-00A0C91BC942}") = "wwsaveload", "Libraries\Source\WWVegas\WWSaveLoad\wwsaveload.vcxproj", "{1AA99B1F-3B1E-4327-A5F2-639145DB1C17}"
EndProject
Project("{8BC9CEB8-8B4A-11D0-8D11-00A0C91BC942}") = "wwutil", "Libraries\Source\WWVegas\Wwutil\wwutil.vcxproj", "{D951A65F-A50C-494C-84E0-1CFA6FBF6575}"
EndProject
Global
	GlobalSection(SolutionConfigurationPlatforms) = preSolution
		Debug|x86 = Debug|x86
		DebugE|x86 = DebugE|x86
		Hybrid|x86 = Hybrid|x86
		Internal|x86 = Internal|x86
		Max4Hybrid|x86 = Max4Hybrid|x86
		Max4Release|x86 = Max4Release|x86
		Profile|x86 = Profile|x86
		ProfileE|x86 = ProfileE|x86
		Release|x86 = Release|x86
		Template|x86 = Template|x86
	EndGlobalSection
	GlobalSection(ProjectConfigurationPlatforms) = postSolution
		{D9191079-3AC4-4762-ACFB-B8BC38ABCA66}.Debug|x86.ActiveCfg = Debug|Win32
		{D9191079-3AC4-4762-ACFB-B8BC38ABCA66}.Debug|x86.Build.0 = Debug|Win32
		{D9191079-3AC4-4762-ACFB-B8BC38ABCA66}.DebugE|x86.ActiveCfg = Debug|Win32
		{D9191079-3AC4-4762-ACFB-B8BC38ABCA66}.DebugE|x86.Build.0 = Debug|Win32
		{D9191079-3AC4-4762-ACFB-B8BC38ABCA66}.Hybrid|x86.ActiveCfg = Debug|Win32
		{D9191079-3AC4-4762-ACFB-B8BC38ABCA66}.Hybrid|x86.Build.0 = Debug|Win32
		{D9191079-3AC4-4762-ACFB-B8BC38ABCA66}.Internal|x86.ActiveCfg = Debug|Win32
		{D9191079-3AC4-4762-ACFB-B8BC38ABCA66}.Internal|x86.Build.0 = Debug|Win32
		{D9191079-3AC4-4762-ACFB-B8BC38ABCA66}.Max4Hybrid|x86.ActiveCfg = Debug|Win32
		{D9191079-3AC4-4762-ACFB-B8BC38ABCA66}.Max4Hybrid|x86.Build.0 = Debug|Win32
		{D9191079-3AC4-4762-ACFB-B8BC38ABCA66}.Max4Release|x86.ActiveCfg = Release|Win32
		{D9191079-3AC4-4762-ACFB-B8BC38ABCA66}.Max4Release|x86.Build.0 = Release|Win32
		{D9191079-3AC4-4762-ACFB-B8BC38ABCA66}.Profile|x86.ActiveCfg = Debug|Win32
		{D9191079-3AC4-4762-ACFB-B8BC38ABCA66}.Profile|x86.Build.0 = Debug|Win32
		{D9191079-3AC4-4762-ACFB-B8BC38ABCA66}.ProfileE|x86.ActiveCfg = Debug|Win32
		{D9191079-3AC4-4762-ACFB-B8BC38ABCA66}.ProfileE|x86.Build.0 = Debug|Win32
		{D9191079-3AC4-4762-ACFB-B8BC38ABCA66}.Release|x86.ActiveCfg = Release|Win32
		{D9191079-3AC4-4762-ACFB-B8BC38ABCA66}.Release|x86.Build.0 = Release|Win32
		{D9191079-3AC4-4762-ACFB-B8BC38ABCA66}.Template|x86.ActiveCfg = Debug|Win32
		{D9191079-3AC4-4762-ACFB-B8BC38ABCA66}.Template|x86.Build.0 = Debug|Win32
		{7A1EF3A2-0E9B-408C-A885-97ECAA812D1D}.Debug|x86.ActiveCfg = Debug|Win32
		{7A1EF3A2-0E9B-408C-A885-97ECAA812D1D}.Debug|x86.Build.0 = Debug|Win32
		{7A1EF3A2-0E9B-408C-A885-97ECAA812D1D}.DebugE|x86.ActiveCfg = Debug|Win32
		{7A1EF3A2-0E9B-408C-A885-97ECAA812D1D}.DebugE|x86.Build.0 = Debug|Win32
		{7A1EF3A2-0E9B-408C-A885-97ECAA812D1D}.Hybrid|x86.ActiveCfg = Debug|Win32
		{7A1EF3A2-0E9B-408C-A885-97ECAA812D1D}.Hybrid|x86.Build.0 = Debug|Win32
		{7A1EF3A2-0E9B-408C-A885-97ECAA812D1D}.Internal|x86.ActiveCfg = Internal|Win32
		{7A1EF3A2-0E9B-408C-A885-97ECAA812D1D}.Internal|x86.Build.0 = Internal|Win32
		{7A1EF3A2-0E9B-408C-A885-97ECAA812D1D}.Max4Hybrid|x86.ActiveCfg = Debug|Win32
		{7A1EF3A2-0E9B-408C-A885-97ECAA812D1D}.Max4Hybrid|x86.Build.0 = Debug|Win32
		{7A1EF3A2-0E9B-408C-A885-97ECAA812D1D}.Max4Release|x86.ActiveCfg = Release|Win32
		{7A1EF3A2-0E9B-408C-A885-97ECAA812D1D}.Max4Release|x86.Build.0 = Release|Win32
		{7A1EF3A2-0E9B-408C-A885-97ECAA812D1D}.Profile|x86.ActiveCfg = Debug|Win32
		{7A1EF3A2-0E9B-408C-A885-97ECAA812D1D}.Profile|x86.Build.0 = Debug|Win32
		{7A1EF3A2-0E9B-408C-A885-97ECAA812D1D}.ProfileE|x86.ActiveCfg = Debug|Win32
		{7A1EF3A2-0E9B-408C-A885-97ECAA812D1D}.ProfileE|x86.Build.0 = Debug|Win32
		{7A1EF3A2-0E9B-408C-A885-97ECAA812D1D}.Release|x86.ActiveCfg = Release|Win32
		{7A1EF3A2-0E9B-408C-A885-97ECAA812D1D}.Release|x86.Build.0 = Release|Win32
		{7A1EF3A2-0E9B-408C-A885-97ECAA812D1D}.Template|x86.ActiveCfg = Template|Win32
		{7A1EF3A2-0E9B-408C-A885-97ECAA812D1D}.Template|x86.Build.0 = Template|Win32
		{3518D944-D4A2-4B6E-9B32-21B7A1845390}.Debug|x86.ActiveCfg = Debug|Win32
		{3518D944-D4A2-4B6E-9B32-21B7A1845390}.Debug|x86.Build.0 = Debug|Win32
		{3518D944-D4A2-4B6E-9B32-21B7A1845390}.DebugE|x86.ActiveCfg = Debug|Win32
		{3518D944-D4A2-4B6E-9B32-21B7A1845390}.DebugE|x86.Build.0 = Debug|Win32
		{3518D944-D4A2-4B6E-9B32-21B7A1845390}.Hybrid|x86.ActiveCfg = Debug|Win32
		{3518D944-D4A2-4B6E-9B32-21B7A1845390}.Hybrid|x86.Build.0 = Debug|Win32
		{3518D944-D4A2-4B6E-9B32-21B7A1845390}.Internal|x86.ActiveCfg = Debug|Win32
		{3518D944-D4A2-4B6E-9B32-21B7A1845390}.Internal|x86.Build.0 = Debug|Win32
		{3518D944-D4A2-4B6E-9B32-21B7A1845390}.Max4Hybrid|x86.ActiveCfg = Debug|Win32
		{3518D944-D4A2-4B6E-9B32-21B7A1845390}.Max4Hybrid|x86.Build.0 = Debug|Win32
		{3518D944-D4A2-4B6E-9B32-21B7A1845390}.Max4Release|x86.ActiveCfg = Release|Win32
		{3518D944-D4A2-4B6E-9B32-21B7A1845390}.Max4Release|x86.Build.0 = Release|Win32
		{3518D944-D4A2-4B6E-9B32-21B7A1845390}.Profile|x86.ActiveCfg = Debug|Win32
		{3518D944-D4A2-4B6E-9B32-21B7A1845390}.Profile|x86.Build.0 = Debug|Win32
		{3518D944-D4A2-4B6E-9B32-21B7A1845390}.ProfileE|x86.ActiveCfg = Debug|Win32
		{3518D944-D4A2-4B6E-9B32-21B7A1845390}.ProfileE|x86.Build.0 = Debug|Win32
		{3518D944-D4A2-4B6E-9B32-21B7A1845390}.Release|x86.ActiveCfg = Release|Win32
		{3518D944-D4A2-4B6E-9B32-21B7A1845390}.Release|x86.Build.0 = Release|Win32
		{3518D944-D4A2-4B6E-9B32-21B7A1845390}.Template|x86.ActiveCfg = Template|Win32
		{3518D944-D4A2-4B6E-9B32-21B7A1845390}.Template|x86.Build.0 = Template|Win32
		{62B57B7F-73DD-4C28-91B7-D3F56AA7077C}.Debug|x86.ActiveCfg = Debug|Win32
		{62B57B7F-73DD-4C28-91B7-D3F56AA7077C}.Debug|x86.Build.0 = Debug|Win32
		{62B57B7F-73DD-4C28-91B7-D3F56AA7077C}.DebugE|x86.ActiveCfg = Debug|Win32
		{62B57B7F-73DD-4C28-91B7-D3F56AA7077C}.DebugE|x86.Build.0 = Debug|Win32
		{62B57B7F-73DD-4C28-91B7-D3F56AA7077C}.Hybrid|x86.ActiveCfg = Debug|Win32
		{62B57B7F-73DD-4C28-91B7-D3F56AA7077C}.Hybrid|x86.Build.0 = Debug|Win32
		{62B57B7F-73DD-4C28-91B7-D3F56AA7077C}.Internal|x86.ActiveCfg = Debug|Win32
		{62B57B7F-73DD-4C28-91B7-D3F56AA7077C}.Internal|x86.Build.0 = Debug|Win32
		{62B57B7F-73DD-4C28-91B7-D3F56AA7077C}.Max4Hybrid|x86.ActiveCfg = Debug|Win32
		{62B57B7F-73DD-4C28-91B7-D3F56AA7077C}.Max4Hybrid|x86.Build.0 = Debug|Win32
		{62B57B7F-73DD-4C28-91B7-D3F56AA7077C}.Max4Release|x86.ActiveCfg = Release|Win32
		{62B57B7F-73DD-4C28-91B7-D3F56AA7077C}.Max4Release|x86.Build.0 = Release|Win32
		{62B57B7F-73DD-4C28-91B7-D3F56AA7077C}.Profile|x86.ActiveCfg = Debug|Win32
		{62B57B7F-73DD-4C28-91B7-D3F56AA7077C}.Profile|x86.Build.0 = Debug|Win32
		{62B57B7F-73DD-4C28-91B7-D3F56AA7077C}.ProfileE|x86.ActiveCfg = Debug|Win32
		{62B57B7F-73DD-4C28-91B7-D3F56AA7077C}.ProfileE|x86.Build.0 = Debug|Win32
		{62B57B7F-73DD-4C28-91B7-D3F56AA7077C}.Release|x86.ActiveCfg = Release|Win32
		{62B57B7F-73DD-4C28-91B7-D3F56AA7077C}.Release|x86.Build.0 = Release|Win32
		{62B57B7F-73DD-4C28-91B7-D3F56AA7077C}.Template|x86.ActiveCfg = Template|Win32
		{62B57B7F-73DD-4C28-91B7-D3F56AA7077C}.Template|x86.Build.0 = Template|Win32
		{EEE66571-115F-4D73-A7EF-787969825B1A}.Debug|x86.ActiveCfg = Debug|Win32
		{EEE66571-115F-4D73-A7EF-787969825B1A}.Debug|x86.Build.0 = Debug|Win32
		{EEE66571-115F-4D73-A7EF-787969825B1A}.DebugE|x86.ActiveCfg = Debug|Win32
		{EEE66571-115F-4D73-A7EF-787969825B1A}.DebugE|x86.Build.0 = Debug|Win32
		{EEE66571-115F-4D73-A7EF-787969825B1A}.Hybrid|x86.ActiveCfg = Debug|Win32
		{EEE66571-115F-4D73-A7EF-787969825B1A}.Hybrid|x86.Build.0 = Debug|Win32
		{EEE66571-115F-4D73-A7EF-787969825B1A}.Internal|x86.ActiveCfg = Internal|Win32
		{EEE66571-115F-4D73-A7EF-787969825B1A}.Internal|x86.Build.0 = Internal|Win32
		{EEE66571-115F-4D73-A7EF-787969825B1A}.Max4Hybrid|x86.ActiveCfg = Debug|Win32
		{EEE66571-115F-4D73-A7EF-787969825B1A}.Max4Hybrid|x86.Build.0 = Debug|Win32
		{EEE66571-115F-4D73-A7EF-787969825B1A}.Max4Release|x86.ActiveCfg = Release|Win32
		{EEE66571-115F-4D73-A7EF-787969825B1A}.Max4Release|x86.Build.0 = Release|Win32
		{EEE66571-115F-4D73-A7EF-787969825B1A}.Profile|x86.ActiveCfg = Debug|Win32
		{EEE66571-115F-4D73-A7EF-787969825B1A}.Profile|x86.Build.0 = Debug|Win32
		{EEE66571-115F-4D73-A7EF-787969825B1A}.ProfileE|x86.ActiveCfg = Debug|Win32
		{EEE66571-115F-4D73-A7EF-787969825B1A}.ProfileE|x86.Build.0 = Debug|Win32
		{EEE66571-115F-4D73-A7EF-787969825B1A}.Release|x86.ActiveCfg = Release|Win32
		{EEE66571-115F-4D73-A7EF-787969825B1A}.Release|x86.Build.0 = Release|Win32
		{EEE66571-115F-4D73-A7EF-787969825B1A}.Template|x86.ActiveCfg = Template|Win32
		{EEE66571-115F-4D73-A7EF-787969825B1A}.Template|x86.Build.0 = Template|Win32
		{6DCD94E9-3286-4979-BF93-0DC2894E62B9}.Debug|x86.ActiveCfg = Debug|Win32
		{6DCD94E9-3286-4979-BF93-0DC2894E62B9}.Debug|x86.Build.0 = Debug|Win32
		{6DCD94E9-3286-4979-BF93-0DC2894E62B9}.DebugE|x86.ActiveCfg = Debug|Win32
		{6DCD94E9-3286-4979-BF93-0DC2894E62B9}.DebugE|x86.Build.0 = Debug|Win32
		{6DCD94E9-3286-4979-BF93-0DC2894E62B9}.Hybrid|x86.ActiveCfg = Debug|Win32
		{6DCD94E9-3286-4979-BF93-0DC2894E62B9}.Hybrid|x86.Build.0 = Debug|Win32
		{6DCD94E9-3286-4979-BF93-0DC2894E62B9}.Internal|x86.ActiveCfg = Internal|Win32
		{6DCD94E9-3286-4979-BF93-0DC2894E62B9}.Internal|x86.Build.0 = Internal|Win32
		{6DCD94E9-3286-4979-BF93-0DC2894E62B9}.Max4Hybrid|x86.ActiveCfg = Debug|Win32
		{6DCD94E9-3286-4979-BF93-0DC2894E62B9}.Max4Hybrid|x86.Build.0 = Debug|Win32
		{6DCD94E9-3286-4979-BF93-0DC2894E62B9}.Max4Release|x86.ActiveCfg = Release|Win32
		{6DCD94E9-3286-4979-BF93-0DC2894E62B9}.Max4Release|x86.Build.0 = Release|Win32
		{6DCD94E9-3286-4979-BF93-0DC2894E62B9}.Profile|x86.ActiveCfg = Debug|Win32
		{6DCD94E9-3286-4979-BF93-0DC2894E62B9}.Profile|x86.Build.0 = Debug|Win32
		{6DCD94E9-3286-4979-BF93-0DC2894E62B9}.ProfileE|x86.ActiveCfg = Debug|Win32
		{6DCD94E9-3286-4979-BF93-0DC2894E62B9}.ProfileE|x86.Build.0 = Debug|Win32
		{6DCD94E9-3286-4979-BF93-0DC2894E62B9}.Release|x86.ActiveCfg = Release|Win32
		{6DCD94E9-3286-4979-BF93-0DC2894E62B9}.Release|x86.Build.0 = Release|Win32
		{6DCD94E9-3286-4979-BF93-0DC2894E62B9}.Template|x86.ActiveCfg = Template|Win32
		{6DCD94E9-3286-4979-BF93-0DC2894E62B9}.Template|x86.Build.0 = Template|Win32
		{1D7FAE41-49E3-41DD-8771-3D8A9BF13259}.Debug|x86.ActiveCfg = Debug|Win32
		{1D7FAE41-49E3-41DD-8771-3D8A9BF13259}.Debug|x86.Build.0 = Debug|Win32
		{1D7FAE41-49E3-41DD-8771-3D8A9BF13259}.DebugE|x86.ActiveCfg = Debug|Win32
		{1D7FAE41-49E3-41DD-8771-3D8A9BF13259}.DebugE|x86.Build.0 = Debug|Win32
		{1D7FAE41-49E3-41DD-8771-3D8A9BF13259}.Hybrid|x86.ActiveCfg = Debug|Win32
		{1D7FAE41-49E3-41DD-8771-3D8A9BF13259}.Hybrid|x86.Build.0 = Debug|Win32
		{1D7FAE41-49E3-41DD-8771-3D8A9BF13259}.Internal|x86.ActiveCfg = Internal|Win32
		{1D7FAE41-49E3-41DD-8771-3D8A9BF13259}.Internal|x86.Build.0 = Internal|Win32
		{1D7FAE41-49E3-41DD-8771-3D8A9BF13259}.Max4Hybrid|x86.ActiveCfg = Debug|Win32
		{1D7FAE41-49E3-41DD-8771-3D8A9BF13259}.Max4Hybrid|x86.Build.0 = Debug|Win32
		{1D7FAE41-49E3-41DD-8771-3D8A9BF13259}.Max4Release|x86.ActiveCfg = Release|Win32
		{1D7FAE41-49E3-41DD-8771-3D8A9BF13259}.Max4Release|x86.Build.0 = Release|Win32
		{1D7FAE41-49E3-41DD-8771-3D8A9BF13259}.Profile|x86.ActiveCfg = Debug|Win32
		{1D7FAE41-49E3-41DD-8771-3D8A9BF13259}.Profile|x86.Build.0 = Debug|Win32
		{1D7FAE41-49E3-41DD-8771-3D8A9BF13259}.ProfileE|x86.ActiveCfg = Debug|Win32
		{1D7FAE41-49E3-41DD-8771-3D8A9BF13259}.ProfileE|x86.Build.0 = Debug|Win32
		{1D7FAE41-49E3-41DD-8771-3D8A9BF13259}.Release|x86.ActiveCfg = Release|Win32
		{1D7FAE41-49E3-41DD-8771-3D8A9BF13259}.Release|x86.Build.0 = Release|Win32
		{1D7FAE41-49E3-41DD-8771-3D8A9BF13259}.Template|x86.ActiveCfg = Template|Win32
		{1D7FAE41-49E3-41DD-8771-3D8A9BF13259}.Template|x86.Build.0 = Template|Win32
		{D8981F62-B832-4B65-B0F6-21C66726B353}.Debug|x86.ActiveCfg = Debug|Win32
		{D8981F62-B832-4B65-B0F6-21C66726B353}.Debug|x86.Build.0 = Debug|Win32
		{D8981F62-B832-4B65-B0F6-21C66726B353}.DebugE|x86.ActiveCfg = Debug|Win32
		{D8981F62-B832-4B65-B0F6-21C66726B353}.DebugE|x86.Build.0 = Debug|Win32
		{D8981F62-B832-4B65-B0F6-21C66726B353}.Hybrid|x86.ActiveCfg = Debug|Win32
		{D8981F62-B832-4B65-B0F6-21C66726B353}.Hybrid|x86.Build.0 = Debug|Win32
		{D8981F62-B832-4B65-B0F6-21C66726B353}.Internal|x86.ActiveCfg = Internal|Win32
		{D8981F62-B832-4B65-B0F6-21C66726B353}.Internal|x86.Build.0 = Internal|Win32
		{D8981F62-B832-4B65-B0F6-21C66726B353}.Max4Hybrid|x86.ActiveCfg = Debug|Win32
		{D8981F62-B832-4B65-B0F6-21C66726B353}.Max4Hybrid|x86.Build.0 = Debug|Win32
		{D8981F62-B832-4B65-B0F6-21C66726B353}.Max4Release|x86.ActiveCfg = Release|Win32
		{D8981F62-B832-4B65-B0F6-21C66726B353}.Max4Release|x86.Build.0 = Release|Win32
		{D8981F62-B832-4B65-B0F6-21C66726B353}.Profile|x86.ActiveCfg = Debug|Win32
		{D8981F62-B832-4B65-B0F6-21C66726B353}.Profile|x86.Build.0 = Debug|Win32
		{D8981F62-B832-4B65-B0F6-21C66726B353}.ProfileE|x86.ActiveCfg = Debug|Win32
		{D8981F62-B832-4B65-B0F6-21C66726B353}.ProfileE|x86.Build.0 = Debug|Win32
		{D8981F62-B832-4B65-B0F6-21C66726B353}.Release|x86.ActiveCfg = Release|Win32
		{D8981F62-B832-4B65-B0F6-21C66726B353}.Release|x86.Build.0 = Release|Win32
		{D8981F62-B832-4B65-B0F6-21C66726B353}.Template|x86.ActiveCfg = Template|Win32
		{D8981F62-B832-4B65-B0F6-21C66726B353}.Template|x86.Build.0 = Template|Win32
		{0399A506-6FBA-4123-87EF-45E01E9D8E79}.Debug|x86.ActiveCfg = Debug|Win32
		{0399A506-6FBA-4123-87EF-45E01E9D8E79}.Debug|x86.Build.0 = Debug|Win32
		{0399A506-6FBA-4123-87EF-45E01E9D8E79}.DebugE|x86.ActiveCfg = Debug|Win32
		{0399A506-6FBA-4123-87EF-45E01E9D8E79}.DebugE|x86.Build.0 = Debug|Win32
		{0399A506-6FBA-4123-87EF-45E01E9D8E79}.Hybrid|x86.ActiveCfg = Debug|Win32
		{0399A506-6FBA-4123-87EF-45E01E9D8E79}.Hybrid|x86.Build.0 = Debug|Win32
		{0399A506-6FBA-4123-87EF-45E01E9D8E79}.Internal|x86.ActiveCfg = Internal|Win32
		{0399A506-6FBA-4123-87EF-45E01E9D8E79}.Internal|x86.Build.0 = Internal|Win32
		{0399A506-6FBA-4123-87EF-45E01E9D8E79}.Max4Hybrid|x86.ActiveCfg = Debug|Win32
		{0399A506-6FBA-4123-87EF-45E01E9D8E79}.Max4Hybrid|x86.Build.0 = Debug|Win32
		{0399A506-6FBA-4123-87EF-45E01E9D8E79}.Max4Release|x86.ActiveCfg = Release|Win32
		{0399A506-6FBA-4123-87EF-45E01E9D8E79}.Max4Release|x86.Build.0 = Release|Win32
		{0399A506-6FBA-4123-87EF-45E01E9D8E79}.Profile|x86.ActiveCfg = Debug|Win32
		{0399A506-6FBA-4123-87EF-45E01E9D8E79}.Profile|x86.Build.0 = Debug|Win32
		{0399A506-6FBA-4123-87EF-45E01E9D8E79}.ProfileE|x86.ActiveCfg = Debug|Win32
		{0399A506-6FBA-4123-87EF-45E01E9D8E79}.ProfileE|x86.Build.0 = Debug|Win32
		{0399A506-6FBA-4123-87EF-45E01E9D8E79}.Release|x86.ActiveCfg = Release|Win32
		{0399A506-6FBA-4123-87EF-45E01E9D8E79}.Release|x86.Build.0 = Release|Win32
		{0399A506-6FBA-4123-87EF-45E01E9D8E79}.Template|x86.ActiveCfg = Template|Win32
		{0399A506-6FBA-4123-87EF-45E01E9D8E79}.Template|x86.Build.0 = Template|Win32
		{9B59AB13-95C4-40D5-973A-079FCD7769D6}.Debug|x86.ActiveCfg = Debug|Win32
		{9B59AB13-95C4-40D5-973A-079FCD7769D6}.Debug|x86.Build.0 = Debug|Win32
		{9B59AB13-95C4-40D5-973A-079FCD7769D6}.DebugE|x86.ActiveCfg = Debug|Win32
		{9B59AB13-95C4-40D5-973A-079FCD7769D6}.DebugE|x86.Build.0 = Debug|Win32
		{9B59AB13-95C4-40D5-973A-079FCD7769D6}.Hybrid|x86.ActiveCfg = Debug|Win32
		{9B59AB13-95C4-40D5-973A-079FCD7769D6}.Hybrid|x86.Build.0 = Debug|Win32
		{9B59AB13-95C4-40D5-973A-079FCD7769D6}.Internal|x86.ActiveCfg = Internal|Win32
		{9B59AB13-95C4-40D5-973A-079FCD7769D6}.Internal|x86.Build.0 = Internal|Win32
		{9B59AB13-95C4-40D5-973A-079FCD7769D6}.Max4Hybrid|x86.ActiveCfg = Debug|Win32
		{9B59AB13-95C4-40D5-973A-079FCD7769D6}.Max4Hybrid|x86.Build.0 = Debug|Win32
		{9B59AB13-95C4-40D5-973A-079FCD7769D6}.Max4Release|x86.ActiveCfg = Release|Win32
		{9B59AB13-95C4-40D5-973A-079FCD7769D6}.Max4Release|x86.Build.0 = Release|Win32
		{9B59AB13-95C4-40D5-973A-079FCD7769D6}.Profile|x86.ActiveCfg = Debug|Win32
		{9B59AB13-95C4-40D5-973A-079FCD7769D6}.Profile|x86.Build.0 = Debug|Win32
		{9B59AB13-95C4-40D5-973A-079FCD7769D6}.ProfileE|x86.ActiveCfg = Debug|Win32
		{9B59AB13-95C4-40D5-973A-079FCD7769D6}.ProfileE|x86.Build.0 = Debug|Win32
		{9B59AB13-95C4-40D5-973A-079FCD7769D6}.Release|x86.ActiveCfg = Release|Win32
		{9B59AB13-95C4-40D5-973A-079FCD7769D6}.Release|x86.Build.0 = Release|Win32
		{9B59AB13-95C4-40D5-973A-079FCD7769D6}.Template|x86.ActiveCfg = Template|Win32
		{9B59AB13-95C4-40D5-973A-079FCD7769D6}.Template|x86.Build.0 = Template|Win32
		{67FE505F-3C7B-4942-BB78-21BC9CCEF926}.Debug|x86.ActiveCfg = Debug|Win32
		{67FE505F-3C7B-4942-BB78-21BC9CCEF926}.Debug|x86.Build.0 = Debug|Win32
		{67FE505F-3C7B-4942-BB78-21BC9CCEF926}.DebugE|x86.ActiveCfg = Debug|Win32
		{67FE505F-3C7B-4942-BB78-21BC9CCEF926}.DebugE|x86.Build.0 = Debug|Win32
		{67FE505F-3C7B-4942-BB78-21BC9CCEF926}.Hybrid|x86.ActiveCfg = Debug|Win32
		{67FE505F-3C7B-4942-BB78-21BC9CCEF926}.Hybrid|x86.Build.0 = Debug|Win32
		{67FE505F-3C7B-4942-BB78-21BC9CCEF926}.Internal|x86.ActiveCfg = Debug|Win32
		{67FE505F-3C7B-4942-BB78-21BC9CCEF926}.Internal|x86.Build.0 = Debug|Win32
		{67FE505F-3C7B-4942-BB78-21BC9CCEF926}.Max4Hybrid|x86.ActiveCfg = Debug|Win32
		{67FE505F-3C7B-4942-BB78-21BC9CCEF926}.Max4Hybrid|x86.Build.0 = Debug|Win32
		{67FE505F-3C7B-4942-BB78-21BC9CCEF926}.Max4Release|x86.ActiveCfg = Release|Win32
		{67FE505F-3C7B-4942-BB78-21BC9CCEF926}.Max4Release|x86.Build.0 = Release|Win32
		{67FE505F-3C7B-4942-BB78-21BC9CCEF926}.Profile|x86.ActiveCfg = Debug|Win32
		{67FE505F-3C7B-4942-BB78-21BC9CCEF926}.Profile|x86.Build.0 = Debug|Win32
		{67FE505F-3C7B-4942-BB78-21BC9CCEF926}.ProfileE|x86.ActiveCfg = Debug|Win32
		{67FE505F-3C7B-4942-BB78-21BC9CCEF926}.ProfileE|x86.Build.0 = Debug|Win32
		{67FE505F-3C7B-4942-BB78-21BC9CCEF926}.Release|x86.ActiveCfg = Release|Win32
		{67FE505F-3C7B-4942-BB78-21BC9CCEF926}.Release|x86.Build.0 = Release|Win32
		{67FE505F-3C7B-4942-BB78-21BC9CCEF926}.Template|x86.ActiveCfg = Template|Win32
		{67FE505F-3C7B-4942-BB78-21BC9CCEF926}.Template|x86.Build.0 = Template|Win32
		{854D2314-6199-4844-AC14-5BBAE37ACF76}.Debug|x86.ActiveCfg = Debug|Win32
		{854D2314-6199-4844-AC14-5BBAE37ACF76}.Debug|x86.Build.0 = Debug|Win32
		{854D2314-6199-4844-AC14-5BBAE37ACF76}.DebugE|x86.ActiveCfg = Debug|Win32
		{854D2314-6199-4844-AC14-5BBAE37ACF76}.DebugE|x86.Build.0 = Debug|Win32
		{854D2314-6199-4844-AC14-5BBAE37ACF76}.Hybrid|x86.ActiveCfg = Debug|Win32
		{854D2314-6199-4844-AC14-5BBAE37ACF76}.Hybrid|x86.Build.0 = Debug|Win32
		{854D2314-6199-4844-AC14-5BBAE37ACF76}.Internal|x86.ActiveCfg = Internal|Win32
		{854D2314-6199-4844-AC14-5BBAE37ACF76}.Internal|x86.Build.0 = Internal|Win32
		{854D2314-6199-4844-AC14-5BBAE37ACF76}.Max4Hybrid|x86.ActiveCfg = Debug|Win32
		{854D2314-6199-4844-AC14-5BBAE37ACF76}.Max4Hybrid|x86.Build.0 = Debug|Win32
		{854D2314-6199-4844-AC14-5BBAE37ACF76}.Max4Release|x86.ActiveCfg = Release|Win32
		{854D2314-6199-4844-AC14-5BBAE37ACF76}.Max4Release|x86.Build.0 = Release|Win32
		{854D2314-6199-4844-AC14-5BBAE37ACF76}.Profile|x86.ActiveCfg = Debug|Win32
		{854D2314-6199-4844-AC14-5BBAE37ACF76}.Profile|x86.Build.0 = Debug|Win32
		{854D2314-6199-4844-AC14-5BBAE37ACF76}.ProfileE|x86.ActiveCfg = Debug|Win32
		{854D2314-6199-4844-AC14-5BBAE37ACF76}.ProfileE|x86.Build.0 = Debug|Win32
		{854D2314-6199-4844-AC14-5BBAE37ACF76}.Release|x86.ActiveCfg = Release|Win32
		{854D2314-6199-4844-AC14-5BBAE37ACF76}.Release|x86.Build.0 = Release|Win32
		{854D2314-6199-4844-AC14-5BBAE37ACF76}.Template|x86.ActiveCfg = Template|Win32
		{854D2314-6199-4844-AC14-5BBAE37ACF76}.Template|x86.Build.0 = Template|Win32
		{E3E7D353-78E5-4481-9FD5-C9D4C40BEFAE}.Debug|x86.ActiveCfg = Debug|Win32
		{E3E7D353-78E5-4481-9FD5-C9D4C40BEFAE}.Debug|x86.Build.0 = Debug|Win32
		{E3E7D353-78E5-4481-9FD5-C9D4C40BEFAE}.DebugE|x86.ActiveCfg = Debug|Win32
		{E3E7D353-78E5-4481-9FD5-C9D4C40BEFAE}.DebugE|x86.Build.0 = Debug|Win32
		{E3E7D353-78E5-4481-9FD5-C9D4C40BEFAE}.Hybrid|x86.ActiveCfg = Debug|Win32
		{E3E7D353-78E5-4481-9FD5-C9D4C40BEFAE}.Hybrid|x86.Build.0 = Debug|Win32
		{E3E7D353-78E5-4481-9FD5-C9D4C40BEFAE}.Internal|x86.ActiveCfg = Internal|Win32
		{E3E7D353-78E5-4481-9FD5-C9D4C40BEFAE}.Internal|x86.Build.0 = Internal|Win32
		{E3E7D353-78E5-4481-9FD5-C9D4C40BEFAE}.Max4Hybrid|x86.ActiveCfg = Debug|Win32
		{E3E7D353-78E5-4481-9FD5-C9D4C40BEFAE}.Max4Hybrid|x86.Build.0 = Debug|Win32
		{E3E7D353-78E5-4481-9FD5-C9D4C40BEFAE}.Max4Release|x86.ActiveCfg = Release|Win32
		{E3E7D353-78E5-4481-9FD5-C9D4C40BEFAE}.Max4Release|x86.Build.0 = Release|Win32
		{E3E7D353-78E5-4481-9FD5-C9D4C40BEFAE}.Profile|x86.ActiveCfg = Debug|Win32
		{E3E7D353-78E5-4481-9FD5-C9D4C40BEFAE}.Profile|x86.Build.0 = Debug|Win32
		{E3E7D353-78E5-4481-9FD5-C9D4C40BEFAE}.ProfileE|x86.ActiveCfg = Debug|Win32
		{E3E7D353-78E5-4481-9FD5-C9D4C40BEFAE}.ProfileE|x86.Build.0 = Debug|Win32
		{E3E7D353-78E5-4481-9FD5-C9D4C40BEFAE}.Release|x86.ActiveCfg = Release|Win32
		{E3E7D353-78E5-4481-9FD5-C9D4C40BEFAE}.Release|x86.Build.0 = Release|Win32
		{E3E7D353-78E5-4481-9FD5-C9D4C40BEFAE}.Template|x86.ActiveCfg = Template|Win32
		{E3E7D353-78E5-4481-9FD5-C9D4C40BEFAE}.Template|x86.Build.0 = Template|Win32
		{30EC7D6C-2A22-4E11-80B6-B225995EB9C0}.Debug|x86.ActiveCfg = Debug|Win32
		{30EC7D6C-2A22-4E11-80B6-B225995EB9C0}.Debug|x86.Build.0 = Debug|Win32
		{30EC7D6C-2A22-4E11-80B6-B225995EB9C0}.DebugE|x86.ActiveCfg = Debug|Win32
		{30EC7D6C-2A22-4E11-80B6-B225995EB9C0}.DebugE|x86.Build.0 = Debug|Win32
		{30EC7D6C-2A22-4E11-80B6-B225995EB9C0}.Hybrid|x86.ActiveCfg = Debug|Win32
		{30EC7D6C-2A22-4E11-80B6-B225995EB9C0}.Hybrid|x86.Build.0 = Debug|Win32
		{30EC7D6C-2A22-4E11-80B6-B225995EB9C0}.Internal|x86.ActiveCfg = Internal|Win32
		{30EC7D6C-2A22-4E11-80B6-B225995EB9C0}.Internal|x86.Build.0 = Internal|Win32
		{30EC7D6C-2A22-4E11-80B6-B225995EB9C0}.Max4Hybrid|x86.ActiveCfg = Debug|Win32
		{30EC7D6C-2A22-4E11-80B6-B225995EB9C0}.Max4Hybrid|x86.Build.0 = Debug|Win32
		{30EC7D6C-2A22-4E11-80B6-B225995EB9C0}.Max4Release|x86.ActiveCfg = Release|Win32
		{30EC7D6C-2A22-4E11-80B6-B225995EB9C0}.Max4Release|x86.Build.0 = Release|Win32
		{30EC7D6C-2A22-4E11-80B6-B225995EB9C0}.Profile|x86.ActiveCfg = Debug|Win32
		{30EC7D6C-2A22-4E11-80B6-B225995EB9C0}.Profile|x86.Build.0 = Debug|Win32
		{30EC7D6C-2A22-4E11-80B6-B225995EB9C0}.ProfileE|x86.ActiveCfg = Debug|Win32
		{30EC7D6C-2A22-4E11-80B6-B225995EB9C0}.ProfileE|x86.Build.0 = Debug|Win32
		{30EC7D6C-2A22-4E11-80B6-B225995EB9C0}.Release|x86.ActiveCfg = Release|Win32
		{30EC7D6C-2A22-4E11-80B6-B225995EB9C0}.Release|x86.Build.0 = Release|Win32
		{30EC7D6C-2A22-4E11-80B6-B225995EB9C0}.Template|x86.ActiveCfg = Template|Win32
		{30EC7D6C-2A22-4E11-80B6-B225995EB9C0}.Template|x86.Build.0 = Template|Win32
		{9D438FD8-AEA9-429B-B6BE-C3737CDEC73D}.Debug|x86.ActiveCfg = Debug|Win32
		{9D438FD8-AEA9-429B-B6BE-C3737CDEC73D}.Debug|x86.Build.0 = Debug|Win32
		{9D438FD8-AEA9-429B-B6BE-C3737CDEC73D}.DebugE|x86.ActiveCfg = Debug|Win32
		{9D438FD8-AEA9-429B-B6BE-C3737CDEC73D}.DebugE|x86.Build.0 = Debug|Win32
		{9D438FD8-AEA9-429B-B6BE-C3737CDEC73D}.Hybrid|x86.ActiveCfg = Debug|Win32
		{9D438FD8-AEA9-429B-B6BE-C3737CDEC73D}.Hybrid|x86.Build.0 = Debug|Win32
		{9D438FD8-AEA9-429B-B6BE-C3737CDEC73D}.Internal|x86.ActiveCfg = Debug|Win32
		{9D438FD8-AEA9-429B-B6BE-C3737CDEC73D}.Internal|x86.Build.0 = Debug|Win32
		{9D438FD8-AEA9-429B-B6BE-C3737CDEC73D}.Max4Hybrid|x86.ActiveCfg = Debug|Win32
		{9D438FD8-AEA9-429B-B6BE-C3737CDEC73D}.Max4Hybrid|x86.Build.0 = Debug|Win32
		{9D438FD8-AEA9-429B-B6BE-C3737CDEC73D}.Max4Release|x86.ActiveCfg = Release|Win32
		{9D438FD8-AEA9-429B-B6BE-C3737CDEC73D}.Max4Release|x86.Build.0 = Release|Win32
		{9D438FD8-AEA9-429B-B6BE-C3737CDEC73D}.Profile|x86.ActiveCfg = Debug|Win32
		{9D438FD8-AEA9-429B-B6BE-C3737CDEC73D}.Profile|x86.Build.0 = Debug|Win32
		{9D438FD8-AEA9-429B-B6BE-C3737CDEC73D}.ProfileE|x86.ActiveCfg = Debug|Win32
		{9D438FD8-AEA9-429B-B6BE-C3737CDEC73D}.ProfileE|x86.Build.0 = Debug|Win32
		{9D438FD8-AEA9-429B-B6BE-C3737CDEC73D}.Release|x86.ActiveCfg = Release|Win32
		{9D438FD8-AEA9-429B-B6BE-C3737CDEC73D}.Release|x86.Build.0 = Release|Win32
		{9D438FD8-AEA9-429B-B6BE-C3737CDEC73D}.Template|x86.ActiveCfg = Template|Win32
		{9D438FD8-AEA9-429B-B6BE-C3737CDEC73D}.Template|x86.Build.0 = Template|Win32
		{176697AB-68E4-48A0-A6E2-F70709326713}.Debug|x86.ActiveCfg = Debug|Win32
		{176697AB-68E4-48A0-A6E2-F70709326713}.Debug|x86.Build.0 = Debug|Win32
		{176697AB-68E4-48A0-A6E2-F70709326713}.DebugE|x86.ActiveCfg = Debug|Win32
		{176697AB-68E4-48A0-A6E2-F70709326713}.DebugE|x86.Build.0 = Debug|Win32
		{176697AB-68E4-48A0-A6E2-F70709326713}.Hybrid|x86.ActiveCfg = Debug|Win32
		{176697AB-68E4-48A0-A6E2-F70709326713}.Hybrid|x86.Build.0 = Debug|Win32
		{176697AB-68E4-48A0-A6E2-F70709326713}.Internal|x86.ActiveCfg = Debug|Win32
		{176697AB-68E4-48A0-A6E2-F70709326713}.Internal|x86.Build.0 = Debug|Win32
		{176697AB-68E4-48A0-A6E2-F70709326713}.Max4Hybrid|x86.ActiveCfg = Debug|Win32
		{176697AB-68E4-48A0-A6E2-F70709326713}.Max4Hybrid|x86.Build.0 = Debug|Win32
		{176697AB-68E4-48A0-A6E2-F70709326713}.Max4Release|x86.ActiveCfg = Release|Win32
		{176697AB-68E4-48A0-A6E2-F70709326713}.Max4Release|x86.Build.0 = Release|Win32
		{176697AB-68E4-48A0-A6E2-F70709326713}.Profile|x86.ActiveCfg = Debug|Win32
		{176697AB-68E4-48A0-A6E2-F70709326713}.Profile|x86.Build.0 = Debug|Win32
		{176697AB-68E4-48A0-A6E2-F70709326713}.ProfileE|x86.ActiveCfg = Debug|Win32
		{176697AB-68E4-48A0-A6E2-F70709326713}.ProfileE|x86.Build.0 = Debug|Win32
		{176697AB-68E4-48A0-A6E2-F70709326713}.Release|x86.ActiveCfg = Release|Win32
		{176697AB-68E4-48A0-A6E2-F70709326713}.Release|x86.Build.0 = Release|Win32
		{176697AB-68E4-48A0-A6E2-F70709326713}.Template|x86.ActiveCfg = Template|Win32
		{176697AB-68E4-48A0-A6E2-F70709326713}.Template|x86.Build.0 = Template|Win32
		{F713F723-B3B4-4EC8-B38F-A0381B5B52A4}.Debug|x86.ActiveCfg = Debug|Win32
		{F713F723-B3B4-4EC8-B38F-A0381B5B52A4}.Debug|x86.Build.0 = Debug|Win32
		{F713F723-B3B4-4EC8-B38F-A0381B5B52A4}.DebugE|x86.ActiveCfg = Debug|Win32
		{F713F723-B3B4-4EC8-B38F-A0381B5B52A4}.DebugE|x86.Build.0 = Debug|Win32
		{F713F723-B3B4-4EC8-B38F-A0381B5B52A4}.Hybrid|x86.ActiveCfg = Hybrid|Win32
		{F713F723-B3B4-4EC8-B38F-A0381B5B52A4}.Hybrid|x86.Build.0 = Hybrid|Win32
		{F713F723-B3B4-4EC8-B38F-A0381B5B52A4}.Internal|x86.ActiveCfg = Debug|Win32
		{F713F723-B3B4-4EC8-B38F-A0381B5B52A4}.Internal|x86.Build.0 = Debug|Win32
		{F713F723-B3B4-4EC8-B38F-A0381B5B52A4}.Max4Hybrid|x86.ActiveCfg = Max4Hybrid|Win32
		{F713F723-B3B4-4EC8-B38F-A0381B5B52A4}.Max4Hybrid|x86.Build.0 = Max4Hybrid|Win32
		{F713F723-B3B4-4EC8-B38F-A0381B5B52A4}.Max4Release|x86.ActiveCfg = Max4Release|Win32
		{F713F723-B3B4-4EC8-B38F-A0381B5B52A4}.Max4Release|x86.Build.0 = Max4Release|Win32
		{F713F723-B3B4-4EC8-B38F-A0381B5B52A4}.Profile|x86.ActiveCfg = Debug|Win32
		{F713F723-B3B4-4EC8-B38F-A0381B5B52A4}.Profile|x86.Build.0 = Debug|Win32
		{F713F723-B3B4-4EC8-B38F-A0381B5B52A4}.ProfileE|x86.ActiveCfg = Debug|Win32
		{F713F723-B3B4-4EC8-B38F-A0381B5B52A4}.ProfileE|x86.Build.0 = Debug|Win32
		{F713F723-B3B4-4EC8-B38F-A0381B5B52A4}.Release|x86.ActiveCfg = Release|Win32
		{F713F723-B3B4-4EC8-B38F-A0381B5B52A4}.Release|x86.Build.0 = Release|Win32
		{F713F723-B3B4-4EC8-B38F-A0381B5B52A4}.Template|x86.ActiveCfg = Template|Win32
		{F713F723-B3B4-4EC8-B38F-A0381B5B52A4}.Template|x86.Build.0 = Template|Win32
		{A20497DB-423D-4178-966B-14C13F37E444}.Debug|x86.ActiveCfg = Debug|Win32
		{A20497DB-423D-4178-966B-14C13F37E444}.Debug|x86.Build.0 = Debug|Win32
		{A20497DB-423D-4178-966B-14C13F37E444}.DebugE|x86.ActiveCfg = Debug|Win32
		{A20497DB-423D-4178-966B-14C13F37E444}.DebugE|x86.Build.0 = Debug|Win32
		{A20497DB-423D-4178-966B-14C13F37E444}.Hybrid|x86.ActiveCfg = Hybrid|Win32
		{A20497DB-423D-4178-966B-14C13F37E444}.Hybrid|x86.Build.0 = Hybrid|Win32
		{A20497DB-423D-4178-966B-14C13F37E444}.Internal|x86.ActiveCfg = Debug|Win32
		{A20497DB-423D-4178-966B-14C13F37E444}.Internal|x86.Build.0 = Debug|Win32
		{A20497DB-423D-4178-966B-14C13F37E444}.Max4Hybrid|x86.ActiveCfg = Hybrid|Win32
		{A20497DB-423D-4178-966B-14C13F37E444}.Max4Hybrid|x86.Build.0 = Hybrid|Win32
		{A20497DB-423D-4178-966B-14C13F37E444}.Max4Release|x86.ActiveCfg = Release|Win32
		{A20497DB-423D-4178-966B-14C13F37E444}.Max4Release|x86.Build.0 = Release|Win32
		{A20497DB-423D-4178-966B-14C13F37E444}.Profile|x86.ActiveCfg = Debug|Win32
		{A20497DB-423D-4178-966B-14C13F37E444}.Profile|x86.Build.0 = Debug|Win32
		{A20497DB-423D-4178-966B-14C13F37E444}.ProfileE|x86.ActiveCfg = Debug|Win32
		{A20497DB-423D-4178-966B-14C13F37E444}.ProfileE|x86.Build.0 = Debug|Win32
		{A20497DB-423D-4178-966B-14C13F37E444}.Release|x86.ActiveCfg = Release|Win32
		{A20497DB-423D-4178-966B-14C13F37E444}.Release|x86.Build.0 = Release|Win32
		{A20497DB-423D-4178-966B-14C13F37E444}.Template|x86.ActiveCfg = Template|Win32
		{A20497DB-423D-4178-966B-14C13F37E444}.Template|x86.Build.0 = Template|Win32
		{6D4E8486-9D09-4440-A763-4AF0824DE8A1}.Debug|x86.ActiveCfg = Debug|Win32
		{6D4E8486-9D09-4440-A763-4AF0824DE8A1}.Debug|x86.Build.0 = Debug|Win32
		{6D4E8486-9D09-4440-A763-4AF0824DE8A1}.DebugE|x86.ActiveCfg = Debug|Win32
		{6D4E8486-9D09-4440-A763-4AF0824DE8A1}.DebugE|x86.Build.0 = Debug|Win32
		{6D4E8486-9D09-4440-A763-4AF0824DE8A1}.Hybrid|x86.ActiveCfg = Debug|Win32
		{6D4E8486-9D09-4440-A763-4AF0824DE8A1}.Hybrid|x86.Build.0 = Debug|Win32
		{6D4E8486-9D09-4440-A763-4AF0824DE8A1}.Internal|x86.ActiveCfg = Debug|Win32
		{6D4E8486-9D09-4440-A763-4AF0824DE8A1}.Internal|x86.Build.0 = Debug|Win32
		{6D4E8486-9D09-4440-A763-4AF0824DE8A1}.Max4Hybrid|x86.ActiveCfg = Debug|Win32
		{6D4E8486-9D09-4440-A763-4AF0824DE8A1}.Max4Hybrid|x86.Build.0 = Debug|Win32
		{6D4E8486-9D09-4440-A763-4AF0824DE8A1}.Max4Release|x86.ActiveCfg = Release|Win32
		{6D4E8486-9D09-4440-A763-4AF0824DE8A1}.Max4Release|x86.Build.0 = Release|Win32
		{6D4E8486-9D09-4440-A763-4AF0824DE8A1}.Profile|x86.ActiveCfg = Debug|Win32
		{6D4E8486-9D09-4440-A763-4AF0824DE8A1}.Profile|x86.Build.0 = Debug|Win32
		{6D4E8486-9D09-4440-A763-4AF0824DE8A1}.ProfileE|x86.ActiveCfg = Debug|Win32
		{6D4E8486-9D09-4440-A763-4AF0824DE8A1}.ProfileE|x86.Build.0 = Debug|Win32
		{6D4E8486-9D09-4440-A763-4AF0824DE8A1}.Release|x86.ActiveCfg = Release|Win32
		{6D4E8486-9D09-4440-A763-4AF0824DE8A1}.Release|x86.Build.0 = Release|Win32
		{6D4E8486-9D09-4440-A763-4AF0824DE8A1}.Template|x86.ActiveCfg = Template|Win32
		{6D4E8486-9D09-4440-A763-4AF0824DE8A1}.Template|x86.Build.0 = Template|Win32
		{79BCE445-8AEE-4B83-9F15-96A2DD9B0235}.Debug|x86.ActiveCfg = Debug|Win32
		{79BCE445-8AEE-4B83-9F15-96A2DD9B0235}.Debug|x86.Build.0 = Debug|Win32
		{79BCE445-8AEE-4B83-9F15-96A2DD9B0235}.DebugE|x86.ActiveCfg = Debug|Win32
		{79BCE445-8AEE-4B83-9F15-96A2DD9B0235}.DebugE|x86.Build.0 = Debug|Win32
		{79BCE445-8AEE-4B83-9F15-96A2DD9B0235}.Hybrid|x86.ActiveCfg = Debug|Win32
		{79BCE445-8AEE-4B83-9F15-96A2DD9B0235}.Hybrid|x86.Build.0 = Debug|Win32
		{79BCE445-8AEE-4B83-9F15-96A2DD9B0235}.Internal|x86.ActiveCfg = Debug|Win32
		{79BCE445-8AEE-4B83-9F15-96A2DD9B0235}.Internal|x86.Build.0 = Debug|Win32
		{79BCE445-8AEE-4B83-9F15-96A2DD9B0235}.Max4Hybrid|x86.ActiveCfg = Debug|Win32
		{79BCE445-8AEE-4B83-9F15-96A2DD9B0235}.Max4Hybrid|x86.Build.0 = Debug|Win32
		{79BCE445-8AEE-4B83-9F15-96A2DD9B0235}.Max4Release|x86.ActiveCfg = Release|Win32
		{79BCE445-8AEE-4B83-9F15-96A2DD9B0235}.Max4Release|x86.Build.0 = Release|Win32
		{79BCE445-8AEE-4B83-9F15-96A2DD9B0235}.Profile|x86.ActiveCfg = Debug|Win32
		{79BCE445-8AEE-4B83-9F15-96A2DD9B0235}.Profile|x86.Build.0 = Debug|Win32
		{79BCE445-8AEE-4B83-9F15-96A2DD9B0235}.ProfileE|x86.ActiveCfg = Debug|Win32
		{79BCE445-8AEE-4B83-9F15-96A2DD9B0235}.ProfileE|x86.Build.0 = Debug|Win32
		{79BCE445-8AEE-4B83-9F15-96A2DD9B0235}.Release|x86.ActiveCfg = Release|Win32
		{79BCE445-8AEE-4B83-9F15-96A2DD9B0235}.Release|x86.Build.0 = Release|Win32
		{79BCE445-8AEE-4B83-9F15-96A2DD9B0235}.Template|x86.ActiveCfg = Template|Win32
		{79BCE445-8AEE-4B83-9F15-96A2DD9B0235}.Template|x86.Build.0 = Template|Win32
		{A0BDD734-1F65-4584-939D-D772644AB04D}.Debug|x86.ActiveCfg = Debug|Win32
		{A0BDD734-1F65-4584-939D-D772644AB04D}.Debug|x86.Build.0 = Debug|Win32
		{A0BDD734-1F65-4584-939D-D772644AB04D}.DebugE|x86.ActiveCfg = DebugE|Win32
		{A0BDD734-1F65-4584-939D-D772644AB04D}.DebugE|x86.Build.0 = DebugE|Win32
		{A0BDD734-1F65-4584-939D-D772644AB04D}.Hybrid|x86.ActiveCfg = Debug|Win32
		{A0BDD734-1F65-4584-939D-D772644AB04D}.Hybrid|x86.Build.0 = Debug|Win32
		{A0BDD734-1F65-4584-939D-D772644AB04D}.Internal|x86.ActiveCfg = Internal|Win32
		{A0BDD734-1F65-4584-939D-D772644AB04D}.Internal|x86.Build.0 = Internal|Win32
		{A0BDD734-1F65-4584-939D-D772644AB04D}.Max4Hybrid|x86.ActiveCfg = Debug|Win32
		{A0BDD734-1F65-4584-939D-D772644AB04D}.Max4Hybrid|x86.Build.0 = Debug|Win32
		{A0BDD734-1F65-4584-939D-D772644AB04D}.Max4Release|x86.ActiveCfg = Release|Win32
		{A0BDD734-1F65-4584-939D-D772644AB04D}.Max4Release|x86.Build.0 = Release|Win32
		{A0BDD734-1F65-4584-939D-D772644AB04D}.Profile|x86.ActiveCfg = Profile|Win32
		{A0BDD734-1F65-4584-939D-D772644AB04D}.Profile|x86.Build.0 = Profile|Win32
		{A0BDD734-1F65-4584-939D-D772644AB04D}.ProfileE|x86.ActiveCfg = ProfileE|Win32
		{A0BDD734-1F65-4584-939D-D772644AB04D}.ProfileE|x86.Build.0 = ProfileE|Win32
		{A0BDD734-1F65-4584-939D-D772644AB04D}.Release|x86.ActiveCfg = Release|Win32
		{A0BDD734-1F65-4584-939D-D772644AB04D}.Release|x86.Build.0 = Release|Win32
		{A0BDD734-1F65-4584-939D-D772644AB04D}.Template|x86.ActiveCfg = Template|Win32
		{A0BDD734-1F65-4584-939D-D772644AB04D}.Template|x86.Build.0 = Template|Win32
		{583CE56A-D4A7-4CA1-BDC7-40326005E844}.Debug|x86.ActiveCfg = Debug|Win32
		{583CE56A-D4A7-4CA1-BDC7-40326005E844}.Debug|x86.Build.0 = Debug|Win32
		{583CE56A-D4A7-4CA1-BDC7-40326005E844}.DebugE|x86.ActiveCfg = Debug|Win32
		{583CE56A-D4A7-4CA1-BDC7-40326005E844}.DebugE|x86.Build.0 = Debug|Win32
		{583CE56A-D4A7-4CA1-BDC7-40326005E844}.Hybrid|x86.ActiveCfg = Debug|Win32
		{583CE56A-D4A7-4CA1-BDC7-40326005E844}.Hybrid|x86.Build.0 = Debug|Win32
		{583CE56A-D4A7-4CA1-BDC7-40326005E844}.Internal|x86.ActiveCfg = Internal|Win32
		{583CE56A-D4A7-4CA1-BDC7-40326005E844}.Internal|x86.Build.0 = Internal|Win32
		{583CE56A-D4A7-4CA1-BDC7-40326005E844}.Max4Hybrid|x86.ActiveCfg = Debug|Win32
		{583CE56A-D4A7-4CA1-BDC7-40326005E844}.Max4Hybrid|x86.Build.0 = Debug|Win32
		{583CE56A-D4A7-4CA1-BDC7-40326005E844}.Max4Release|x86.ActiveCfg = Release|Win32
		{583CE56A-D4A7-4CA1-BDC7-40326005E844}.Max4Release|x86.Build.0 = Release|Win32
		{583CE56A-D4A7-4CA1-BDC7-40326005E844}.Profile|x86.ActiveCfg = Profile|Win32
		{583CE56A-D4A7-4CA1-BDC7-40326005E844}.Profile|x86.Build.0 = Profile|Win32
		{583CE56A-D4A7-4CA1-BDC7-40326005E844}.ProfileE|x86.ActiveCfg = Profile|Win32
		{583CE56A-D4A7-4CA1-BDC7-40326005E844}.ProfileE|x86.Build.0 = Profile|Win32
		{583CE56A-D4A7-4CA1-BDC7-40326005E844}.Release|x86.ActiveCfg = Release|Win32
		{583CE56A-D4A7-4CA1-BDC7-40326005E844}.Release|x86.Build.0 = Release|Win32
		{583CE56A-D4A7-4CA1-BDC7-40326005E844}.Template|x86.ActiveCfg = Template|Win32
		{583CE56A-D4A7-4CA1-BDC7-40326005E844}.Template|x86.Build.0 = Template|Win32
		{CD5F1F9F-F8DC-49A7-A7FF-4B304CDA1C27}.Debug|x86.ActiveCfg = Debug|Win32
		{CD5F1F9F-F8DC-49A7-A7FF-4B304CDA1C27}.Debug|x86.Build.0 = Debug|Win32
		{CD5F1F9F-F8DC-49A7-A7FF-4B304CDA1C27}.DebugE|x86.ActiveCfg = Debug|Win32
		{CD5F1F9F-F8DC-49A7-A7FF-4B304CDA1C27}.DebugE|x86.Build.0 = Debug|Win32
		{CD5F1F9F-F8DC-49A7-A7FF-4B304CDA1C27}.Hybrid|x86.ActiveCfg = Debug|Win32
		{CD5F1F9F-F8DC-49A7-A7FF-4B304CDA1C27}.Hybrid|x86.Build.0 = Debug|Win32
		{CD5F1F9F-F8DC-49A7-A7FF-4B304CDA1C27}.Internal|x86.ActiveCfg = Internal|Win32
		{CD5F1F9F-F8DC-49A7-A7FF-4B304CDA1C27}.Internal|x86.Build.0 = Internal|Win32
		{CD5F1F9F-F8DC-49A7-A7FF-4B304CDA1C27}.Max4Hybrid|x86.ActiveCfg = Debug|Win32
		{CD5F1F9F-F8DC-49A7-A7FF-4B304CDA1C27}.Max4Hybrid|x86.Build.0 = Debug|Win32
		{CD5F1F9F-F8DC-49A7-A7FF-4B304CDA1C27}.Max4Release|x86.ActiveCfg = Release|Win32
		{CD5F1F9F-F8DC-49A7-A7FF-4B304CDA1C27}.Max4Release|x86.Build.0 = Release|Win32
		{CD5F1F9F-F8DC-49A7-A7FF-4B304CDA1C27}.Profile|x86.ActiveCfg = Profile|Win32
		{CD5F1F9F-F8DC-49A7-A7FF-4B304CDA1C27}.Profile|x86.Build.0 = Profile|Win32
		{CD5F1F9F-F8DC-49A7-A7FF-4B304CDA1C27}.ProfileE|x86.ActiveCfg = Profile|Win32
		{CD5F1F9F-F8DC-49A7-A7FF-4B304CDA1C27}.ProfileE|x86.Build.0 = Profile|Win32
		{CD5F1F9F-F8DC-49A7-A7FF-4B304CDA1C27}.Release|x86.ActiveCfg = Release|Win32
		{CD5F1F9F-F8DC-49A7-A7FF-4B304CDA1C27}.Release|x86.Build.0 = Release|Win32
		{CD5F1F9F-F8DC-49A7-A7FF-4B304CDA1C27}.Template|x86.ActiveCfg = Template|Win32
		{CD5F1F9F-F8DC-49A7-A7FF-4B304CDA1C27}.Template|x86.Build.0 = Template|Win32
		{D2F14769-B1D6-4ABE-8B0C-F74104A7208C}.Debug|x86.ActiveCfg = Debug|Win32
		{D2F14769-B1D6-4ABE-8B0C-F74104A7208C}.Debug|x86.Build.0 = Debug|Win32
		{D2F14769-B1D6-4ABE-8B0C-F74104A7208C}.DebugE|x86.ActiveCfg = Debug|Win32
		{D2F14769-B1D6-4ABE-8B0C-F74104A7208C}.DebugE|x86.Build.0 = Debug|Win32
		{D2F14769-B1D6-4ABE-8B0C-F74104A7208C}.Hybrid|x86.ActiveCfg = Debug|Win32
		{D2F14769-B1D6-4ABE-8B0C-F74104A7208C}.Hybrid|x86.Build.0 = Debug|Win32
		{D2F14769-B1D6-4ABE-8B0C-F74104A7208C}.Internal|x86.ActiveCfg = Internal|Win32
		{D2F14769-B1D6-4ABE-8B0C-F74104A7208C}.Internal|x86.Build.0 = Internal|Win32
		{D2F14769-B1D6-4ABE-8B0C-F74104A7208C}.Max4Hybrid|x86.ActiveCfg = Debug|Win32
		{D2F14769-B1D6-4ABE-8B0C-F74104A7208C}.Max4Hybrid|x86.Build.0 = Debug|Win32
		{D2F14769-B1D6-4ABE-8B0C-F74104A7208C}.Max4Release|x86.ActiveCfg = Release|Win32
		{D2F14769-B1D6-4ABE-8B0C-F74104A7208C}.Max4Release|x86.Build.0 = Release|Win32
		{D2F14769-B1D6-4ABE-8B0C-F74104A7208C}.Profile|x86.ActiveCfg = Profile|Win32
		{D2F14769-B1D6-4ABE-8B0C-F74104A7208C}.Profile|x86.Build.0 = Profile|Win32
		{D2F14769-B1D6-4ABE-8B0C-F74104A7208C}.ProfileE|x86.ActiveCfg = Profile|Win32
		{D2F14769-B1D6-4ABE-8B0C-F74104A7208C}.ProfileE|x86.Build.0 = Profile|Win32
		{D2F14769-B1D6-4ABE-8B0C-F74104A7208C}.Release|x86.ActiveCfg = Release|Win32
		{D2F14769-B1D6-4ABE-8B0C-F74104A7208C}.Release|x86.Build.0 = Release|Win32
		{D2F14769-B1D6-4ABE-8B0C-F74104A7208C}.Template|x86.ActiveCfg = Template|Win32
		{D2F14769-B1D6-4ABE-8B0C-F74104A7208C}.Template|x86.Build.0 = Template|Win32
		{1AA99B1F-3B1E-4327-A5F2-639145DB1C17}.Debug|x86.ActiveCfg = Debug|Win32
		{1AA99B1F-3B1E-4327-A5F2-639145DB1C17}.Debug|x86.Build.0 = Debug|Win32
		{1AA99B1F-3B1E-4327-A5F2-639145DB1C17}.DebugE|x86.ActiveCfg = DebugE|Win32
		{1AA99B1F-3B1E-4327-A5F2-639145DB1C17}.DebugE|x86.Build.0 = DebugE|Win32
		{1AA99B1F-3B1E-4327-A5F2-639145DB1C17}.Hybrid|x86.ActiveCfg = Debug|Win32
		{1AA99B1F-3B1E-4327-A5F2-639145DB1C17}.Hybrid|x86.Build.0 = Debug|Win32
		{1AA99B1F-3B1E-4327-A5F2-639145DB1C17}.Internal|x86.ActiveCfg = Internal|Win32
		{1AA99B1F-3B1E-4327-A5F2-639145DB1C17}.Internal|x86.Build.0 = Internal|Win32
		{1AA99B1F-3B1E-4327-A5F2-639145DB1C17}.Max4Hybrid|x86.ActiveCfg = Debug|Win32
		{1AA99B1F-3B1E-4327-A5F2-639145DB1C17}.Max4Hybrid|x86.Build.0 = Debug|Win32
		{1AA99B1F-3B1E-4327-A5F2-639145DB1C17}.Max4Release|x86.ActiveCfg = Release|Win32
		{1AA99B1F-3B1E-4327-A5F2-639145DB1C17}.Max4Release|x86.Build.0 = Release|Win32
		{1AA99B1F-3B1E-4327-A5F2-639145DB1C17}.Profile|x86.ActiveCfg = Profile|Win32
		{1AA99B1F-3B1E-4327-A5F2-639145DB1C17}.Profile|x86.Build.0 = Profile|Win32
		{1AA99B1F-3B1E-4327-A5F2-639145DB1C17}.ProfileE|x86.ActiveCfg = ProfileE|Win32
		{1AA99B1F-3B1E-4327-A5F2-639145DB1C17}.ProfileE|x86.Build.0 = ProfileE|Win32
		{1AA99B1F-3B1E-4327-A5F2-639145DB1C17}.Release|x86.ActiveCfg = Release|Win32
		{1AA99B1F-3B1E-4327-A5F2-639145DB1C17}.Release|x86.Build.0 = Release|Win32
		{1AA99B1F-3B1E-4327-A5F2-639145DB1C17}.Template|x86.ActiveCfg = Template|Win32
		{1AA99B1F-3B1E-4327-A5F2-639145DB1C17}.Template|x86.Build.0 = Template|Win32
		{D951A65F-A50C-494C-84E0-1CFA6FBF6575}.Debug|x86.ActiveCfg = Debug|Win32
		{D951A65F-A50C-494C-84E0-1CFA6FBF6575}.Debug|x86.Build.0 = Debug|Win32
		{D951A65F-A50C-494C-84E0-1CFA6FBF6575}.DebugE|x86.ActiveCfg = Debug|Win32
		{D951A65F-A50C-494C-84E0-1CFA6FBF6575}.DebugE|x86.Build.0 = Debug|Win32
		{D951A65F-A50C-494C-84E0-1CFA6FBF6575}.Hybrid|x86.ActiveCfg = Debug|Win32
		{D951A65F-A50C-494C-84E0-1CFA6FBF6575}.Hybrid|x86.Build.0 = Debug|Win32
		{D951A65F-A50C-494C-84E0-1CFA6FBF6575}.Internal|x86.ActiveCfg = Internal|Win32
		{D951A65F-A50C-494C-84E0-1CFA6FBF6575}.Internal|x86.Build.0 = Internal|Win32
		{D951A65F-A50C-494C-84E0-1CFA6FBF6575}.Max4Hybrid|x86.ActiveCfg = Debug|Win32
		{D951A65F-A50C-494C-84E0-1CFA6FBF6575}.Max4Hybrid|x86.Build.0 = Debug|Win32
		{D951A65F-A50C-494C-84E0-1CFA6FBF6575}.Max4Release|x86.ActiveCfg = Release|Win32
		{D951A65F-A50C-494C-84E0-1CFA6FBF6575}.Max4Release|x86.Build.0 = Release|Win32
		{D951A65F-A50C-494C-84E0-1CFA6FBF6575}.Profile|x86.ActiveCfg = Profile|Win32
		{D951A65F-A50C-494C-84E0-1CFA6FBF6575}.Profile|x86.Build.0 = Profile|Win32
		{D951A65F-A50C-494C-84E0-1CFA6FBF6575}.ProfileE|x86.ActiveCfg = Profile|Win32
		{D951A65F-A50C-494C-84E0-1CFA6FBF6575}.ProfileE|x86.Build.0 = Profile|Win32
		{D951A65F-A50C-494C-84E0-1CFA6FBF6575}.Release|x86.ActiveCfg = Release|Win32
		{D951A65F-A50C-494C-84E0-1CFA6FBF6575}.Release|x86.Build.0 = Release|Win32
		{D951A65F-A50C-494C-84E0-1CFA6FBF6575}.Template|x86.ActiveCfg = Template|Win32
		{D951A65F-A50C-494C-84E0-1CFA6FBF6575}.Template|x86.Build.0 = Template|Win32
	EndGlobalSection
	GlobalSection(SolutionProperties) = preSolution
		HideSolutionNode = FALSE
	EndGlobalSection
	GlobalSection(ExtensibilityGlobals) = postSolution
		SolutionGuid = {52E027E4-0D39-4338-AC6A-6E980B78B58E}
	EndGlobalSection
EndGlobal
