<?xml version="1.0" encoding="utf-8"?>
<Project ToolsVersion="4.0" xmlns="http://schemas.microsoft.com/developer/msbuild/2003">
  <ItemGroup>
    <Filter Include="Source Files">
      <UniqueIdentifier>{caa17465-fed0-49a4-b17e-89007f53b5d8}</UniqueIdentifier>
      <Extensions>cpp;c;cxx;rc;def;r;odl;idl;hpj;bat</Extensions>
    </Filter>
    <Filter Include="Source Files\Window Procedures">
      <UniqueIdentifier>{7838651b-04a7-47cd-ab8e-0d3014e64dfd}</UniqueIdentifier>
    </Filter>
    <Filter Include="Header Files">
      <UniqueIdentifier>{ecc2b986-977e-45ca-95b8-20202b103e7b}</UniqueIdentifier>
      <Extensions>h;hpp;hxx;hm;inl</Extensions>
    </Filter>
    <Filter Include="Resource Files">
      <UniqueIdentifier>{a707468a-809f-4eac-a55e-708d07485438}</UniqueIdentifier>
      <Extensions>ico;cur;bmp;dlg;rc2;rct;bin;rgs;gif;jpg;jpeg;jpe</Extensions>
    </Filter>
  </ItemGroup>
  <ItemGroup>
    <ClCompile Include="Source\Window Procedures\DirectorySelect.cpp">
      <Filter>Source Files\Window Procedures</Filter>
    </ClCompile>
    <ClCompile Include="Source\Window Procedures\ImageErrorProc.cpp">
      <Filter>Source Files\Window Procedures</Filter>
    </ClCompile>
    <ClCompile Include="Source\Window Procedures\ImagePackerProc.cpp">
      <Filter>Source Files\Window Procedures</Filter>
    </ClCompile>
    <ClCompile Include="Source\Window Procedures\PageErrorProc.cpp">
      <Filter>Source Files\Window Procedures</Filter>
    </ClCompile>
    <ClCompile Include="Source\Window Procedures\PreviewProc.cpp">
      <Filter>Source Files\Window Procedures</Filter>
    </ClCompile>
    <ClCompile Include="Source\ImageInfo.cpp">
      <Filter>Source Files</Filter>
    </ClCompile>
    <ClCompile Include="Source\ImagePacker.cpp">
      <Filter>Source Files</Filter>
    </ClCompile>
    <ClCompile Include="Source\TexturePage.cpp">
      <Filter>Source Files</Filter>
    </ClCompile>
    <ClCompile Include="Source\WinMain.cpp">
      <Filter>Source Files</Filter>
    </ClCompile>
  </ItemGroup>
  <ItemGroup>
    <ClInclude Include="Include\ImageDirectory.h">
      <Filter>Header Files</Filter>
    </ClInclude>
    <ClInclude Include="Include\ImageInfo.h">
      <Filter>Header Files</Filter>
    </ClInclude>
    <ClInclude Include="Include\ImagePacker.h">
      <Filter>Header Files</Filter>
    </ClInclude>
    <ClInclude Include="Include\TexturePage.h">
      <Filter>Header Files</Filter>
    </ClInclude>
    <ClInclude Include="Include\WindowProc.h">
      <Filter>Header Files</Filter>
    </ClInclude>
    <ClInclude Include="Include\WinMain.h">
      <Filter>Header Files</Filter>
    </ClInclude>
    <ClInclude Include="Resource\Resource.h">
      <Filter>Resource Files</Filter>
    </ClInclude>
  </ItemGroup>
  <ItemGroup>
    <ResourceCompile Include="Resource\ImagePacker.rc">
      <Filter>Resource Files</Filter>
    </ResourceCompile>
  </ItemGroup>
</Project>